
Microsoft Visual Studio Solution File, Format Version 12.00
# Visual Studio 2012
Project("{FAE04EC0-301F-11D3-BF4B-00C04F79EFBC}") = "ASPImageCrop", "ASPImageCrop\ASPImageCrop.csproj", "{86B89FE4-68E2-47FA-A80C-8BA8666F628C}"
EndProject
Global
	GlobalSection(SolutionConfigurationPlatforms) = preSolution
		Debug|Any CPU = Debug|Any CPU
		Release|Any CPU = Release|Any CPU
	EndGlobalSection
	GlobalSection(ProjectConfigurationPlatforms) = postSolution
		{86B89FE4-68E2-47FA-A80C-8BA8666F628C}.Debug|Any CPU.ActiveCfg = Debug|Any CPU
		{86B89FE4-68E2-47FA-A80C-8BA8666F628C}.Debug|Any CPU.Build.0 = Debug|Any CPU
		{86B89FE4-68E2-47FA-A80C-8BA8666F628C}.Release|Any CPU.ActiveCfg = Release|Any CPU
		{86B89FE4-68E2-47FA-A80C-8BA8666F628C}.Release|Any CPU.Build.0 = Release|Any CPU
	EndGlobalSection
	GlobalSection(SolutionProperties) = preSolution
		HideSolutionNode = FALSE
	EndGlobalSection
EndGlobal
